
Microsoft Visual Studio Solution File, Format Version 12.00
# Visual Studio Version 17
VisualStudioVersion = 17.14.36518.9
MinimumVisualStudioVersion = 10.0.40219.1
Project("{FAE04EC0-301F-11D3-BF4B-00C04F79EFBC}") = "Domain", "Domain\Domain.csproj", "{285C893B-08DF-4D79-B7F2-AB8ADE9D8201}"
EndProject
Project("{FAE04EC0-301F-11D3-BF4B-00C04F79EFBC}") = "Application", "Application\Application.csproj", "{BA6D31CC-839D-4044-B1A8-BD253CB9F6D7}"
EndProject
Project("{FAE04EC0-301F-11D3-BF4B-00C04F79EFBC}") = "Infrastructure", "Infrastructure\Infrastructure.csproj", "{386BB007-A879-4B8D-98F3-A29D8CA65AED}"
EndProject
Project("{FAE04EC0-301F-11D3-BF4B-00C04F79EFBC}") = "Web", "Web\Web.csproj", "{0F3D6799-CB25-4F32-90FC-913205A8AADD}"
EndProject
Project("{FAE04EC0-301F-11D3-BF4B-00C04F79EFBC}") = "Common", "Common\Common.csproj", "{0101BB4B-C220-4210-BAA5-CF8D01FE58E5}"
EndProject
Global
	GlobalSection(SolutionConfigurationPlatforms) = preSolution
		Debug|Any CPU = Debug|Any CPU
		Release|Any CPU = Release|Any CPU
	EndGlobalSection
	GlobalSection(ProjectConfigurationPlatforms) = postSolution
		{285C893B-08DF-4D79-B7F2-AB8ADE9D8201}.Debug|Any CPU.ActiveCfg = Debug|Any CPU
		{285C893B-08DF-4D79-B7F2-AB8ADE9D8201}.Debug|Any CPU.Build.0 = Debug|Any CPU
		{285C893B-08DF-4D79-B7F2-AB8ADE9D8201}.Release|Any CPU.ActiveCfg = Release|Any CPU
		{285C893B-08DF-4D79-B7F2-AB8ADE9D8201}.Release|Any CPU.Build.0 = Release|Any CPU
		{BA6D31CC-839D-4044-B1A8-BD253CB9F6D7}.Debug|Any CPU.ActiveCfg = Debug|Any CPU
		{BA6D31CC-839D-4044-B1A8-BD253CB9F6D7}.Debug|Any CPU.Build.0 = Debug|Any CPU
		{BA6D31CC-839D-4044-B1A8-BD253CB9F6D7}.Release|Any CPU.ActiveCfg = Release|Any CPU
		{BA6D31CC-839D-4044-B1A8-BD253CB9F6D7}.Release|Any CPU.Build.0 = Release|Any CPU
		{386BB007-A879-4B8D-98F3-A29D8CA65AED}.Debug|Any CPU.ActiveCfg = Debug|Any CPU
		{386BB007-A879-4B8D-98F3-A29D8CA65AED}.Debug|Any CPU.Build.0 = Debug|Any CPU
		{386BB007-A879-4B8D-98F3-A29D8CA65AED}.Release|Any CPU.ActiveCfg = Release|Any CPU
		{386BB007-A879-4B8D-98F3-A29D8CA65AED}.Release|Any CPU.Build.0 = Release|Any CPU
		{0F3D6799-CB25-4F32-90FC-913205A8AADD}.Debug|Any CPU.ActiveCfg = Debug|Any CPU
		{0F3D6799-CB25-4F32-90FC-913205A8AADD}.Debug|Any CPU.Build.0 = Debug|Any CPU
		{0F3D6799-CB25-4F32-90FC-913205A8AADD}.Release|Any CPU.ActiveCfg = Release|Any CPU
		{0F3D6799-CB25-4F32-90FC-913205A8AADD}.Release|Any CPU.Build.0 = Release|Any CPU
		{0101BB4B-C220-4210-BAA5-CF8D01FE58E5}.Debug|Any CPU.ActiveCfg = Debug|Any CPU
		{0101BB4B-C220-4210-BAA5-CF8D01FE58E5}.Debug|Any CPU.Build.0 = Debug|Any CPU
		{0101BB4B-C220-4210-BAA5-CF8D01FE58E5}.Release|Any CPU.ActiveCfg = Release|Any CPU
		{0101BB4B-C220-4210-BAA5-CF8D01FE58E5}.Release|Any CPU.Build.0 = Release|Any CPU
	EndGlobalSection
	GlobalSection(SolutionProperties) = preSolution
		HideSolutionNode = FALSE
	EndGlobalSection
	GlobalSection(ExtensibilityGlobals) = postSolution
		SolutionGuid = {97C44632-6415-4AC6-8031-C122D0AC483C}
	EndGlobalSection
EndGlobal
