
Microsoft Visual Studio Solution File, Format Version 12.00
# Visual Studio Version 17
VisualStudioVersion = 17.0.31903.59
MinimumVisualStudioVersion = 10.0.40219.1
Project("{2150E333-8FDC-42A3-9474-1A3956D46DE8}") = "src", "src", "{827E0CD3-B72D-47B6-A68D-7590B98EB39B}"
EndProject
Project("{FAE04EC0-301F-11D3-BF4B-00C04F79EFBC}") = "RoomHub.Application", "src\RoomHub.Application\RoomHub.Application.csproj", "{CCB1369B-01DA-4831-A835-2F6AADD0FCD1}"
EndProject
Project("{FAE04EC0-301F-11D3-BF4B-00C04F79EFBC}") = "RoomHub.Common", "src\RoomHub.Common\RoomHub.Common.csproj", "{8ECC6574-89CB-4641-9033-6C900F1B3D71}"
EndProject
Project("{FAE04EC0-301F-11D3-BF4B-00C04F79EFBC}") = "RoomHub.Domain", "src\RoomHub.Domain\RoomHub.Domain.csproj", "{2A9649F4-2FC7-41BE-A791-4276B5370320}"
EndProject
Project("{FAE04EC0-301F-11D3-BF4B-00C04F79EFBC}") = "RoomHub.Infrastructure", "src\RoomHub.Infrastructure\RoomHub.Infrastructure.csproj", "{7278AF82-F635-47BE-AD6D-CE293EAD1F7D}"
EndProject
Project("{FAE04EC0-301F-11D3-BF4B-00C04F79EFBC}") = "RoomHub.WebApi", "src\RoomHub.WebApi\RoomHub.WebApi.csproj", "{ACEA2C7D-E8AC-4167-B330-9197A10072D4}"
EndProject
Project("{2150E333-8FDC-42A3-9474-1A3956D46DE8}") = "tests", "tests", "{0AB3BF05-4346-4AA6-1389-037BE0695223}"
EndProject
Project("{FAE04EC0-301F-11D3-BF4B-00C04F79EFBC}") = "RoomHub.Application.Tests", "tests\RoomHub.Application.Tests\RoomHub.Application.Tests.csproj", "{FC00A92C-C0DD-4A9F-9B51-6D24DE0C7F74}"
EndProject
Project("{FAE04EC0-301F-11D3-BF4B-00C04F79EFBC}") = "RoomHub.Domain.Tests", "tests\RoomHub.Domain.Tests\RoomHub.Domain.Tests.csproj", "{5235FEF3-C5A8-4FB5-8235-52F455770EBD}"
EndProject
Project("{FAE04EC0-301F-11D3-BF4B-00C04F79EFBC}") = "RoomHub.Infrastructure.Tests", "tests\RoomHub.Infrastructure.Tests\RoomHub.Infrastructure.Tests.csproj", "{0ABA00AF-8C33-45E5-B931-8A3172AB32F9}"
EndProject
Project("{FAE04EC0-301F-11D3-BF4B-00C04F79EFBC}") = "RoomHub.WebApi.IntegrationTests", "tests\RoomHub.WebApi.IntegrationTests\RoomHub.WebApi.IntegrationTests.csproj", "{04B963A1-3449-48C9-BD2F-DC583F0987B1}"
EndProject
Global
	GlobalSection(SolutionConfigurationPlatforms) = preSolution
		Debug|Any CPU = Debug|Any CPU
		Debug|x64 = Debug|x64
		Debug|x86 = Debug|x86
		Release|Any CPU = Release|Any CPU
		Release|x64 = Release|x64
		Release|x86 = Release|x86
	EndGlobalSection
	GlobalSection(ProjectConfigurationPlatforms) = postSolution
		{CCB1369B-01DA-4831-A835-2F6AADD0FCD1}.Debug|Any CPU.ActiveCfg = Debug|Any CPU
		{CCB1369B-01DA-4831-A835-2F6AADD0FCD1}.Debug|Any CPU.Build.0 = Debug|Any CPU
		{CCB1369B-01DA-4831-A835-2F6AADD0FCD1}.Debug|x64.ActiveCfg = Debug|Any CPU
		{CCB1369B-01DA-4831-A835-2F6AADD0FCD1}.Debug|x64.Build.0 = Debug|Any CPU
		{CCB1369B-01DA-4831-A835-2F6AADD0FCD1}.Debug|x86.ActiveCfg = Debug|Any CPU
		{CCB1369B-01DA-4831-A835-2F6AADD0FCD1}.Debug|x86.Build.0 = Debug|Any CPU
		{CCB1369B-01DA-4831-A835-2F6AADD0FCD1}.Release|Any CPU.ActiveCfg = Release|Any CPU
		{CCB1369B-01DA-4831-A835-2F6AADD0FCD1}.Release|Any CPU.Build.0 = Release|Any CPU
		{CCB1369B-01DA-4831-A835-2F6AADD0FCD1}.Release|x64.ActiveCfg = Release|Any CPU
		{CCB1369B-01DA-4831-A835-2F6AADD0FCD1}.Release|x64.Build.0 = Release|Any CPU
		{CCB1369B-01DA-4831-A835-2F6AADD0FCD1}.Release|x86.ActiveCfg = Release|Any CPU
		{CCB1369B-01DA-4831-A835-2F6AADD0FCD1}.Release|x86.Build.0 = Release|Any CPU
		{8ECC6574-89CB-4641-9033-6C900F1B3D71}.Debug|Any CPU.ActiveCfg = Debug|Any CPU
		{8ECC6574-89CB-4641-9033-6C900F1B3D71}.Debug|Any CPU.Build.0 = Debug|Any CPU
		{8ECC6574-89CB-4641-9033-6C900F1B3D71}.Debug|x64.ActiveCfg = Debug|Any CPU
		{8ECC6574-89CB-4641-9033-6C900F1B3D71}.Debug|x64.Build.0 = Debug|Any CPU
		{8ECC6574-89CB-4641-9033-6C900F1B3D71}.Debug|x86.ActiveCfg = Debug|Any CPU
		{8ECC6574-89CB-4641-9033-6C900F1B3D71}.Debug|x86.Build.0 = Debug|Any CPU
		{8ECC6574-89CB-4641-9033-6C900F1B3D71}.Release|Any CPU.ActiveCfg = Release|Any CPU
		{8ECC6574-89CB-4641-9033-6C900F1B3D71}.Release|Any CPU.Build.0 = Release|Any CPU
		{8ECC6574-89CB-4641-9033-6C900F1B3D71}.Release|x64.ActiveCfg = Release|Any CPU
		{8ECC6574-89CB-4641-9033-6C900F1B3D71}.Release|x64.Build.0 = Release|Any CPU
		{8ECC6574-89CB-4641-9033-6C900F1B3D71}.Release|x86.ActiveCfg = Release|Any CPU
		{8ECC6574-89CB-4641-9033-6C900F1B3D71}.Release|x86.Build.0 = Release|Any CPU
		{2A9649F4-2FC7-41BE-A791-4276B5370320}.Debug|Any CPU.ActiveCfg = Debug|Any CPU
		{2A9649F4-2FC7-41BE-A791-4276B5370320}.Debug|Any CPU.Build.0 = Debug|Any CPU
		{2A9649F4-2FC7-41BE-A791-4276B5370320}.Debug|x64.ActiveCfg = Debug|Any CPU
		{2A9649F4-2FC7-41BE-A791-4276B5370320}.Debug|x64.Build.0 = Debug|Any CPU
		{2A9649F4-2FC7-41BE-A791-4276B5370320}.Debug|x86.ActiveCfg = Debug|Any CPU
		{2A9649F4-2FC7-41BE-A791-4276B5370320}.Debug|x86.Build.0 = Debug|Any CPU
		{2A9649F4-2FC7-41BE-A791-4276B5370320}.Release|Any CPU.ActiveCfg = Release|Any CPU
		{2A9649F4-2FC7-41BE-A791-4276B5370320}.Release|Any CPU.Build.0 = Release|Any CPU
		{2A9649F4-2FC7-41BE-A791-4276B5370320}.Release|x64.ActiveCfg = Release|Any CPU
		{2A9649F4-2FC7-41BE-A791-4276B5370320}.Release|x64.Build.0 = Release|Any CPU
		{2A9649F4-2FC7-41BE-A791-4276B5370320}.Release|x86.ActiveCfg = Release|Any CPU
		{2A9649F4-2FC7-41BE-A791-4276B5370320}.Release|x86.Build.0 = Release|Any CPU
		{7278AF82-F635-47BE-AD6D-CE293EAD1F7D}.Debug|Any CPU.ActiveCfg = Debug|Any CPU
		{7278AF82-F635-47BE-AD6D-CE293EAD1F7D}.Debug|Any CPU.Build.0 = Debug|Any CPU
		{7278AF82-F635-47BE-AD6D-CE293EAD1F7D}.Debug|x64.ActiveCfg = Debug|Any CPU
		{7278AF82-F635-47BE-AD6D-CE293EAD1F7D}.Debug|x64.Build.0 = Debug|Any CPU
		{7278AF82-F635-47BE-AD6D-CE293EAD1F7D}.Debug|x86.ActiveCfg = Debug|Any CPU
		{7278AF82-F635-47BE-AD6D-CE293EAD1F7D}.Debug|x86.Build.0 = Debug|Any CPU
		{7278AF82-F635-47BE-AD6D-CE293EAD1F7D}.Release|Any CPU.ActiveCfg = Release|Any CPU
		{7278AF82-F635-47BE-AD6D-CE293EAD1F7D}.Release|Any CPU.Build.0 = Release|Any CPU
		{7278AF82-F635-47BE-AD6D-CE293EAD1F7D}.Release|x64.ActiveCfg = Release|Any CPU
		{7278AF82-F635-47BE-AD6D-CE293EAD1F7D}.Release|x64.Build.0 = Release|Any CPU
		{7278AF82-F635-47BE-AD6D-CE293EAD1F7D}.Release|x86.ActiveCfg = Release|Any CPU
		{7278AF82-F635-47BE-AD6D-CE293EAD1F7D}.Release|x86.Build.0 = Release|Any CPU
		{ACEA2C7D-E8AC-4167-B330-9197A10072D4}.Debug|Any CPU.ActiveCfg = Debug|Any CPU
		{ACEA2C7D-E8AC-4167-B330-9197A10072D4}.Debug|Any CPU.Build.0 = Debug|Any CPU
		{ACEA2C7D-E8AC-4167-B330-9197A10072D4}.Debug|x64.ActiveCfg = Debug|Any CPU
		{ACEA2C7D-E8AC-4167-B330-9197A10072D4}.Debug|x64.Build.0 = Debug|Any CPU
		{ACEA2C7D-E8AC-4167-B330-9197A10072D4}.Debug|x86.ActiveCfg = Debug|Any CPU
		{ACEA2C7D-E8AC-4167-B330-9197A10072D4}.Debug|x86.Build.0 = Debug|Any CPU
		{ACEA2C7D-E8AC-4167-B330-9197A10072D4}.Release|Any CPU.ActiveCfg = Release|Any CPU
		{ACEA2C7D-E8AC-4167-B330-9197A10072D4}.Release|Any CPU.Build.0 = Release|Any CPU
		{ACEA2C7D-E8AC-4167-B330-9197A10072D4}.Release|x64.ActiveCfg = Release|Any CPU
		{ACEA2C7D-E8AC-4167-B330-9197A10072D4}.Release|x64.Build.0 = Release|Any CPU
		{ACEA2C7D-E8AC-4167-B330-9197A10072D4}.Release|x86.ActiveCfg = Release|Any CPU
		{ACEA2C7D-E8AC-4167-B330-9197A10072D4}.Release|x86.Build.0 = Release|Any CPU
		{FC00A92C-C0DD-4A9F-9B51-6D24DE0C7F74}.Debug|Any CPU.ActiveCfg = Debug|Any CPU
		{FC00A92C-C0DD-4A9F-9B51-6D24DE0C7F74}.Debug|Any CPU.Build.0 = Debug|Any CPU
		{FC00A92C-C0DD-4A9F-9B51-6D24DE0C7F74}.Debug|x64.ActiveCfg = Debug|Any CPU
		{FC00A92C-C0DD-4A9F-9B51-6D24DE0C7F74}.Debug|x64.Build.0 = Debug|Any CPU
		{FC00A92C-C0DD-4A9F-9B51-6D24DE0C7F74}.Debug|x86.ActiveCfg = Debug|Any CPU
		{FC00A92C-C0DD-4A9F-9B51-6D24DE0C7F74}.Debug|x86.Build.0 = Debug|Any CPU
		{FC00A92C-C0DD-4A9F-9B51-6D24DE0C7F74}.Release|Any CPU.ActiveCfg = Release|Any CPU
		{FC00A92C-C0DD-4A9F-9B51-6D24DE0C7F74}.Release|Any CPU.Build.0 = Release|Any CPU
		{FC00A92C-C0DD-4A9F-9B51-6D24DE0C7F74}.Release|x64.ActiveCfg = Release|Any CPU
		{FC00A92C-C0DD-4A9F-9B51-6D24DE0C7F74}.Release|x64.Build.0 = Release|Any CPU
		{FC00A92C-C0DD-4A9F-9B51-6D24DE0C7F74}.Release|x86.ActiveCfg = Release|Any CPU
		{FC00A92C-C0DD-4A9F-9B51-6D24DE0C7F74}.Release|x86.Build.0 = Release|Any CPU
		{5235FEF3-C5A8-4FB5-8235-52F455770EBD}.Debug|Any CPU.ActiveCfg = Debug|Any CPU
		{5235FEF3-C5A8-4FB5-8235-52F455770EBD}.Debug|Any CPU.Build.0 = Debug|Any CPU
		{5235FEF3-C5A8-4FB5-8235-52F455770EBD}.Debug|x64.ActiveCfg = Debug|Any CPU
		{5235FEF3-C5A8-4FB5-8235-52F455770EBD}.Debug|x64.Build.0 = Debug|Any CPU
		{5235FEF3-C5A8-4FB5-8235-52F455770EBD}.Debug|x86.ActiveCfg = Debug|Any CPU
		{5235FEF3-C5A8-4FB5-8235-52F455770EBD}.Debug|x86.Build.0 = Debug|Any CPU
		{5235FEF3-C5A8-4FB5-8235-52F455770EBD}.Release|Any CPU.ActiveCfg = Release|Any CPU
		{5235FEF3-C5A8-4FB5-8235-52F455770EBD}.Release|Any CPU.Build.0 = Release|Any CPU
		{5235FEF3-C5A8-4FB5-8235-52F455770EBD}.Release|x64.ActiveCfg = Release|Any CPU
		{5235FEF3-C5A8-4FB5-8235-52F455770EBD}.Release|x64.Build.0 = Release|Any CPU
		{5235FEF3-C5A8-4FB5-8235-52F455770EBD}.Release|x86.ActiveCfg = Release|Any CPU
		{5235FEF3-C5A8-4FB5-8235-52F455770EBD}.Release|x86.Build.0 = Release|Any CPU
		{0ABA00AF-8C33-45E5-B931-8A3172AB32F9}.Debug|Any CPU.ActiveCfg = Debug|Any CPU
		{0ABA00AF-8C33-45E5-B931-8A3172AB32F9}.Debug|Any CPU.Build.0 = Debug|Any CPU
		{0ABA00AF-8C33-45E5-B931-8A3172AB32F9}.Debug|x64.ActiveCfg = Debug|Any CPU
		{0ABA00AF-8C33-45E5-B931-8A3172AB32F9}.Debug|x64.Build.0 = Debug|Any CPU
		{0ABA00AF-8C33-45E5-B931-8A3172AB32F9}.Debug|x86.ActiveCfg = Debug|Any CPU
		{0ABA00AF-8C33-45E5-B931-8A3172AB32F9}.Debug|x86.Build.0 = Debug|Any CPU
		{0ABA00AF-8C33-45E5-B931-8A3172AB32F9}.Release|Any CPU.ActiveCfg = Release|Any CPU
		{0ABA00AF-8C33-45E5-B931-8A3172AB32F9}.Release|Any CPU.Build.0 = Release|Any CPU
		{0ABA00AF-8C33-45E5-B931-8A3172AB32F9}.Release|x64.ActiveCfg = Release|Any CPU
		{0ABA00AF-8C33-45E5-B931-8A3172AB32F9}.Release|x64.Build.0 = Release|Any CPU
		{0ABA00AF-8C33-45E5-B931-8A3172AB32F9}.Release|x86.ActiveCfg = Release|Any CPU
		{0ABA00AF-8C33-45E5-B931-8A3172AB32F9}.Release|x86.Build.0 = Release|Any CPU
		{04B963A1-3449-48C9-BD2F-DC583F0987B1}.Debug|Any CPU.ActiveCfg = Debug|Any CPU
		{04B963A1-3449-48C9-BD2F-DC583F0987B1}.Debug|Any CPU.Build.0 = Debug|Any CPU
		{04B963A1-3449-48C9-BD2F-DC583F0987B1}.Debug|x64.ActiveCfg = Debug|Any CPU
		{04B963A1-3449-48C9-BD2F-DC583F0987B1}.Debug|x64.Build.0 = Debug|Any CPU
		{04B963A1-3449-48C9-BD2F-DC583F0987B1}.Debug|x86.ActiveCfg = Debug|Any CPU
		{04B963A1-3449-48C9-BD2F-DC583F0987B1}.Debug|x86.Build.0 = Debug|Any CPU
		{04B963A1-3449-48C9-BD2F-DC583F0987B1}.Release|Any CPU.ActiveCfg = Release|Any CPU
		{04B963A1-3449-48C9-BD2F-DC583F0987B1}.Release|Any CPU.Build.0 = Release|Any CPU
		{04B963A1-3449-48C9-BD2F-DC583F0987B1}.Release|x64.ActiveCfg = Release|Any CPU
		{04B963A1-3449-48C9-BD2F-DC583F0987B1}.Release|x64.Build.0 = Release|Any CPU
		{04B963A1-3449-48C9-BD2F-DC583F0987B1}.Release|x86.ActiveCfg = Release|Any CPU
		{04B963A1-3449-48C9-BD2F-DC583F0987B1}.Release|x86.Build.0 = Release|Any CPU
	EndGlobalSection
	GlobalSection(SolutionProperties) = preSolution
		HideSolutionNode = FALSE
	EndGlobalSection
	GlobalSection(NestedProjects) = preSolution
		{CCB1369B-01DA-4831-A835-2F6AADD0FCD1} = {827E0CD3-B72D-47B6-A68D-7590B98EB39B}
		{8ECC6574-89CB-4641-9033-6C900F1B3D71} = {827E0CD3-B72D-47B6-A68D-7590B98EB39B}
		{2A9649F4-2FC7-41BE-A791-4276B5370320} = {827E0CD3-B72D-47B6-A68D-7590B98EB39B}
		{7278AF82-F635-47BE-AD6D-CE293EAD1F7D} = {827E0CD3-B72D-47B6-A68D-7590B98EB39B}
		{ACEA2C7D-E8AC-4167-B330-9197A10072D4} = {827E0CD3-B72D-47B6-A68D-7590B98EB39B}
		{FC00A92C-C0DD-4A9F-9B51-6D24DE0C7F74} = {0AB3BF05-4346-4AA6-1389-037BE0695223}
		{5235FEF3-C5A8-4FB5-8235-52F455770EBD} = {0AB3BF05-4346-4AA6-1389-037BE0695223}
		{0ABA00AF-8C33-45E5-B931-8A3172AB32F9} = {0AB3BF05-4346-4AA6-1389-037BE0695223}
		{04B963A1-3449-48C9-BD2F-DC583F0987B1} = {0AB3BF05-4346-4AA6-1389-037BE0695223}
	EndGlobalSection
EndGlobal
